
Microsoft Visual Studio Solution File, Format Version 12.00
# Visual Studio 2013
VisualStudioVersion = 12.0.30723.0
MinimumVisualStudioVersion = 10.0.40219.1
Project("{FAE04EC0-301F-11D3-BF4B-00C04F79EFBC}") = "Harvester", "Harvester\Harvester.csproj", "{A365D12F-0A04-48CE-B906-9D845814623A}"
EndProject
Project("{FAE04EC0-301F-11D3-BF4B-00C04F79EFBC}") = "Harvester.Tracing", "Harvester.Tracing\Harvester.Tracing.csproj", "{B68F4968-A7CF-41CC-AD6E-373DB5E67944}"
EndProject
Project("{FAE04EC0-301F-11D3-BF4B-00C04F79EFBC}") = "Harvester.Analysis", "Harvester.Analysis\Harvester.Analysis.csproj", "{42DD9FF0-C54D-4B99-930D-BA462455EBFF}"
EndProject
Global
	GlobalSection(SolutionConfigurationPlatforms) = preSolution
		Debug|Any CPU = Debug|Any CPU
		Release|Any CPU = Release|Any CPU
	EndGlobalSection
	GlobalSection(ProjectConfigurationPlatforms) = postSolution
		{A365D12F-0A04-48CE-B906-9D845814623A}.Debug|Any CPU.ActiveCfg = Debug|Any CPU
		{A365D12F-0A04-48CE-B906-9D845814623A}.Debug|Any CPU.Build.0 = Debug|Any CPU
		{A365D12F-0A04-48CE-B906-9D845814623A}.Release|Any CPU.ActiveCfg = Release|Any CPU
		{A365D12F-0A04-48CE-B906-9D845814623A}.Release|Any CPU.Build.0 = Release|Any CPU
		{B68F4968-A7CF-41CC-AD6E-373DB5E67944}.Debug|Any CPU.ActiveCfg = Debug|Any CPU
		{B68F4968-A7CF-41CC-AD6E-373DB5E67944}.Debug|Any CPU.Build.0 = Debug|Any CPU
		{B68F4968-A7CF-41CC-AD6E-373DB5E67944}.Release|Any CPU.ActiveCfg = Release|Any CPU
		{B68F4968-A7CF-41CC-AD6E-373DB5E67944}.Release|Any CPU.Build.0 = Release|Any CPU
		{42DD9FF0-C54D-4B99-930D-BA462455EBFF}.Debug|Any CPU.ActiveCfg = Debug|Any CPU
		{42DD9FF0-C54D-4B99-930D-BA462455EBFF}.Debug|Any CPU.Build.0 = Debug|Any CPU
		{42DD9FF0-C54D-4B99-930D-BA462455EBFF}.Release|Any CPU.ActiveCfg = Release|Any CPU
		{42DD9FF0-C54D-4B99-930D-BA462455EBFF}.Release|Any CPU.Build.0 = Release|Any CPU
	EndGlobalSection
	GlobalSection(SolutionProperties) = preSolution
		HideSolutionNode = FALSE
	EndGlobalSection
EndGlobal
